{
  "version": 4,
  "terraform_version": "1.3.9",
  "serial": 48,
  "lineage": "7130668c-461f-649e-b9cf-be5c9b96c540",
  "outputs": {},
  "resources": [
    {
      "module": "module.container",
      "mode": "managed",
      "type": "docker_image",
      "name": "image",
      "provider": "module.container.provider[\"registry.terraform.io/kreuzwerker/docker\"]",
      "instances": [
        {
          "schema_version": 0,
          "attributes": {
            "build": [],
            "force_remove": null,
            "id": "sha256:3f8a00f137a0d2c8a2163a09901e28e2471999fde4efc2f9570b91f1c30acf94nginx:latest",
            "image_id": "sha256:3f8a00f137a0d2c8a2163a09901e28e2471999fde4efc2f9570b91f1c30acf94",
            "keep_locally": null,
            "name": "nginx:latest",
            "platform": null,
            "pull_triggers": null,
            "repo_digest": "nginx@sha256:6650513efd1d27c1f8a5351cbd33edf85cc7e0d9d0fcb4ffb23d8fa89b601ba8",
            "triggers": null
          },
          "sensitive_attributes": [],
          "private": "bnVsbA=="
        }
      ]
    }
  ],
  "check_results": null
}
